
Microsoft Visual Studio Solution File, Format Version 12.00
# Visual Studio Version 16
VisualStudioVersion = 16.0.31129.286
MinimumVisualStudioVersion = 10.0.40219.1
Project("{FAE04EC0-301F-11D3-BF4B-00C04F79EFBC}") = "E-media", "E-media\E-media.csproj", "{A09079F9-12F6-4D78-8333-A4C4EACBFDD6}"
EndProject
Global
	GlobalSection(SolutionConfigurationPlatforms) = preSolution
		Debug|Any CPU = Debug|Any CPU
		Release|Any CPU = Release|Any CPU
	EndGlobalSection
	GlobalSection(ProjectConfigurationPlatforms) = postSolution
		{A09079F9-12F6-4D78-8333-A4C4EACBFDD6}.Debug|Any CPU.ActiveCfg = Debug|Any CPU
		{A09079F9-12F6-4D78-8333-A4C4EACBFDD6}.Debug|Any CPU.Build.0 = Debug|Any CPU
		{A09079F9-12F6-4D78-8333-A4C4EACBFDD6}.Release|Any CPU.ActiveCfg = Release|Any CPU
		{A09079F9-12F6-4D78-8333-A4C4EACBFDD6}.Release|Any CPU.Build.0 = Release|Any CPU
	EndGlobalSection
	GlobalSection(SolutionProperties) = preSolution
		HideSolutionNode = FALSE
	EndGlobalSection
	GlobalSection(ExtensibilityGlobals) = postSolution
		SolutionGuid = {6C5A2B40-FDA4-45F4-87AB-07AA6DE281F2}
	EndGlobalSection
EndGlobal
